{
    "name": "Slider",
    "lockfileVersion": 2,
    "requires": true,
    "packages": {
        "": {
            "devDependencies": {
                "spectrum-colorpicker2": "^2.0.0"
            }
        },
        "node_modules/spectrum-colorpicker2": {
            "version": "2.0.8",
            "resolved": "https://registry.npmjs.org/spectrum-colorpicker2/-/spectrum-colorpicker2-2.0.8.tgz",
            "integrity": "sha512-z8Wlww/SgRbMgwgljfPxA3HNJMRQ0PRKB9ef0bKVDB1EeSR+MsC0KuOjt9H/R/CdAIoBmvKJEfIAvWS4PQpL0Q==",
            "dev": true
        }
    },
    "dependencies": {
        "spectrum-colorpicker2": {
            "version": "2.0.8",
            "resolved": "https://registry.npmjs.org/spectrum-colorpicker2/-/spectrum-colorpicker2-2.0.8.tgz",
            "integrity": "sha512-z8Wlww/SgRbMgwgljfPxA3HNJMRQ0PRKB9ef0bKVDB1EeSR+MsC0KuOjt9H/R/CdAIoBmvKJEfIAvWS4PQpL0Q==",
            "dev": true
        }
    }
}
